github.com/airbnb/lottie-web v5.12.2+incompatible h1:Ldogtlhiucf7mMsgisyxSBY0qunV44+lpa9Icy2KoQc=
github.com/airbnb/lottie-web v5.12.2+incompatible/go.mod h1:nTss557UK9FGnp8QYlCMO29tjUHwbdAHG/DprbGfHGE=
github.com/gethinode/hinode v0.23.18 h1:mmlJP+A7MW0C/1ebZv6vDuPGKTrsgdP14wYWXMXAGRU=
github.com/gethinode/hinode v0.23.18/go.mod h1:ZeVZDRjvPMosmTVG3RWBvaHvWaNbjYf7/3fF/LxXOVw=
github.com/gethinode/hinode v0.23.19 h1:61QbBRwxp+iajrCkbyw2JrvyCWq819kOYwQjkgZez08=
github.com/gethinode/hinode v0.23.19/go.mod h1:ZeVZDRjvPMosmTVG3RWBvaHvWaNbjYf7/3fF/LxXOVw=
github.com/gethinode/hinode v0.23.21 h1:tnjfA33d6WfwIXWxKZDcrg70+ftLJ+asCwYkWtyuKxo=
github.com/gethinode/hinode v0.23.21/go.mod h1:ZeVZDRjvPMosmTVG3RWBvaHvWaNbjYf7/3fF/LxXOVw=
github.com/gethinode/hinode v0.24.1 h1:+t1Q6mv38x5o9fmjrIt7f2HLkr7xyoToIbPkaJoOZyY=
github.com/gethinode/hinode v0.24.1/go.mod h1:Fck4IozLCFi6ISNFIOKu4KqS188/4fVPQwxqqRBcv44=
github.com/gethinode/hinode v0.24.2 h1:46jGgIJnkA+o9M9BQfyeqMIDP983VF32Ker7havGMpc=
github.com/gethinode/hinode v0.24.2/go.mod h1:fKFWr9VndV/rXHmvKkdq1cbc5ESafSbgcWlaBXD+Hds=
github.com/gethinode/hinode v0.24.6 h1:zrbiesW0GFLIHCSqE+BXgE3zl9NS3YsjrMjrakXM/Ok=
github.com/gethinode/hinode v0.24.6/go.mod h1:Wkd7Hzimfgt19X+ILBX8Il55wtQdfp6GWbdhEQiobZ4=
github.com/gethinode/hinode v0.24.16 h1:h1D6OsWSTr3Q3cO1qDmTVetvOx6nfBTSLGP6wxf8qh4=
github.com/gethinode/hinode v0.24.16/go.mod h1:ZVv9jOsrthbcCtiFditYgm5j/5DPKZdIggme/fSFJkw=
github.com/gethinode/mod-bootstrap v1.3.0 h1:UxNmXgXo7gA8C8z1ar47+tSccmKYpaYBBN+txB0pwBk=
github.com/gethinode/mod-bootstrap v1.3.0/go.mod h1:CL9IDot6nbXIWJYE/KxfsTdYYEJIGL17BXbAYPn+wVQ=
github.com/gethinode/mod-flexsearch v1.12.0 h1:zg1IHvc8VO9WEtQuQnuG6HeWFNByvyqC9JYWDtpsP6s=
github.com/gethinode/mod-flexsearch v1.12.0/go.mod h1:L8hrnpupx27cez2ObMX8gWnhbW6qss4HGH1Ea4UaBRQ=
github.com/gethinode/mod-fontawesome v1.9.0 h1:xqUB8AnezMHAt8lye4ksqvmHSVPCOkiHsHGUbqNoeP0=
github.com/gethinode/mod-fontawesome v1.9.0/go.mod h1:xBKsZH3WJtMOItZVlp9SbO51uaBy6IbvUZSKpNu3b6Y=
github.com/gethinode/mod-katex v1.1.0 h1:PxST3HPUt6F2X/xKakTVeTkwWqCtEr53K1vYEOyQu3I=
github.com/gethinode/mod-katex v1.1.0/go.mod h1:byAfpI3wuqNJIooTGVEGc1cjBhhCy4+CcK1H6495MYg=
github.com/gethinode/mod-leaflet v1.1.0 h1:FXzPCic5XmUluxQ6e7LYUhhLnxuQOBwry8qjG9k30UY=
github.com/gethinode/mod-leaflet v1.1.0/go.mod h1:Ei0x9WiL7Dbi4JeG6yI1CE63bT1QJ8sKi67Jea1wFSE=
github.com/gethinode/mod-lottie v1.5.4 h1:+xbamSsjcnP2tyzGl0CA1enma7gkAp67wenmuP0XELY=
github.com/gethinode/mod-lottie v1.5.4/go.mod h1:gALqz48aYpoDLxJOI3LzIpdy0Eq/lOBNtlcOxABa9tg=
github.com/gethinode/mod-lottie v1.5.5 h1:uEJKsz+ovsZtbGkMhPONcIhtG6M3RjYiK+iVoScLOVo=
github.com/gethinode/mod-lottie v1.5.5/go.mod h1:VTvBxD8VokICwnEqM0VUZFZHBYxLf4/grDFQyEh1DL0=
github.com/gethinode/mod-simple-datatables v1.0.2 h1:zhqxHet3iLQWYCBbGROALpOY9zQlptMycFkz1Tto5bA=
github.com/gethinode/mod-simple-datatables v1.0.2/go.mod h1:mmrcvAJU2i3SMU56VmQ5PW43uDXBcsJKcZwCHrvl3Kc=
github.com/gethinode/mod-simple-datatables v1.0.3 h1:JL2nBlEHWMmkE7EZrpfpmzka47dklJUh23/xKJkOQoI=
github.com/gethinode/mod-simple-datatables v1.0.3/go.mod h1:mmrcvAJU2i3SMU56VmQ5PW43uDXBcsJKcZwCHrvl3Kc=
github.com/gethinode/mod-utils/v2 v2.3.7 h1:FFsUPO7NBp9Bhjovf0Ki5hnDGfeMKV/3RNz1Qpv7+oQ=
github.com/gethinode/mod-utils/v2 v2.3.7/go.mod h1:GTYeknoLujNjfDxI+V9Dcug26CYJSTJ0B/U2dagw9oY=
github.com/gethinode/mod-utils/v2 v2.3.8 h1:zAiDRCb3SsP9z6PUkCaiRLHOpqFhVf0xVhVOoTZNmAI=
github.com/gethinode/mod-utils/v2 v2.3.8/go.mod h1:GTYeknoLujNjfDxI+V9Dcug26CYJSTJ0B/U2dagw9oY=
github.com/gethinode/mod-utils/v2 v2.3.10 h1:+coUXdgAbLEE8Tvb3Rfk/1Nr6oDVreXI2sil0pa/n2Q=
github.com/gethinode/mod-utils/v2 v2.3.10/go.mod h1:GTYeknoLujNjfDxI+V9Dcug26CYJSTJ0B/U2dagw9oY=
github.com/nextapps-de/flexsearch v0.0.0-20240501124520-961c3ae84a87 h1:6PNbL0/LxO8Xl8MZSe5uvCidYNpFTz9nlWTqj2qdlzA=
github.com/nextapps-de/flexsearch v0.0.0-20240501124520-961c3ae84a87/go.mod h1:5GdMfPAXzbA2gXBqTjC6l27kioSYzHlqDMh0+wyx7sU=
github.com/twbs/bootstrap v5.3.3+incompatible h1:goFoqinzdHfkeegpFP7pvhbd0g+A3O2hbU3XCjuNrEQ=
github.com/twbs/bootstrap v5.3.3+incompatible/go.mod h1:fZTSrkpSf0/HkL0IIJzvVspTt1r9zuf7XlZau8kpcY0=
