github.com/airbnb/lottie-web v5.12.2+incompatible h1:Ldogtlhiucf7mMsgisyxSBY0qunV44+lpa9Icy2KoQc=
github.com/airbnb/lottie-web v5.12.2+incompatible/go.mod h1:nTss557UK9FGnp8QYlCMO29tjUHwbdAHG/DprbGfHGE=
github.com/gethinode/hinode v0.23.18 h1:mmlJP+A7MW0C/1ebZv6vDuPGKTrsgdP14wYWXMXAGRU=
github.com/gethinode/hinode v0.23.18/go.mod h1:ZeVZDRjvPMosmTVG3RWBvaHvWaNbjYf7/3fF/LxXOVw=
github.com/gethinode/hinode v0.23.19 h1:61QbBRwxp+iajrCkbyw2JrvyCWq819kOYwQjkgZez08=
github.com/gethinode/hinode v0.23.19/go.mod h1:ZeVZDRjvPMosmTVG3RWBvaHvWaNbjYf7/3fF/LxXOVw=
github.com/gethinode/hinode v0.23.21 h1:tnjfA33d6WfwIXWxKZDcrg70+ftLJ+asCwYkWtyuKxo=
github.com/gethinode/hinode v0.23.21/go.mod h1:ZeVZDRjvPMosmTVG3RWBvaHvWaNbjYf7/3fF/LxXOVw=
github.com/gethinode/hinode v0.24.1 h1:+t1Q6mv38x5o9fmjrIt7f2HLkr7xyoToIbPkaJoOZyY=
github.com/gethinode/hinode v0.24.1/go.mod h1:Fck4IozLCFi6ISNFIOKu4KqS188/4fVPQwxqqRBcv44=
github.com/gethinode/hinode v0.24.2 h1:46jGgIJnkA+o9M9BQfyeqMIDP983VF32Ker7havGMpc=
github.com/gethinode/hinode v0.24.2/go.mod h1:fKFWr9VndV/rXHmvKkdq1cbc5ESafSbgcWlaBXD+Hds=
github.com/gethinode/hinode v0.24.6 h1:zrbiesW0GFLIHCSqE+BXgE3zl9NS3YsjrMjrakXM/Ok=
github.com/gethinode/hinode v0.24.6/go.mod h1:Wkd7Hzimfgt19X+ILBX8Il55wtQdfp6GWbdhEQiobZ4=
github.com/gethinode/hinode v0.24.16 h1:h1D6OsWSTr3Q3cO1qDmTVetvOx6nfBTSLGP6wxf8qh4=
github.com/gethinode/hinode v0.24.16/go.mod h1:ZVv9jOsrthbcCtiFditYgm5j/5DPKZdIggme/fSFJkw=
github.com/gethinode/hinode v0.24.20 h1:+7R1mrBk37A4L2WJGXZ5F1X8iw0OJ3gnycWkQFcbUbA=
github.com/gethinode/hinode v0.24.20/go.mod h1:5ugWbGrG0Cq+9PRqh9G/W5ZUtkK7oWOLU2n52Bw9mh0=
github.com/gethinode/hinode v0.24.23 h1:NC/JXaZtRNZHEXNt+MJDDPnJ3TBQxSGFYMhv851paZw=
github.com/gethinode/hinode v0.24.23/go.mod h1:5ugWbGrG0Cq+9PRqh9G/W5ZUtkK7oWOLU2n52Bw9mh0=
github.com/gethinode/hinode v0.25.1 h1:sxHnKmvsGhEmzVn3VVADS0G982hFN/V1BjyGaNmCdaI=
github.com/gethinode/hinode v0.25.1/go.mod h1:QAky2N8UYmMzALmCCa9hilOyNB9WXZlk2ci+YfFVFZI=
github.com/gethinode/hinode v0.25.7 h1:b+InrGrAx7h5P2op6CwOyoTY3pjjr6YcbThNO0NNBS8=
github.com/gethinode/hinode v0.25.7/go.mod h1:HJ5Myo59Xlxr4uXD1nMb5ubzjz99xtvfNswapVosdyI=
github.com/gethinode/hinode v0.26.4 h1:5TjJptOezZ2danIKLIvt55y46gRAIaf1r48XsI17esI=
github.com/gethinode/hinode v0.26.4/go.mod h1:zpNIM+xzVvXtdAvJUzhwEefLiqhScWfcPtC8/7n8xYY=
github.com/gethinode/hinode v0.26.5 h1:qt5FKuqbg2TJmRh6SkI52h5sOVaLBBkDnVYY782NxWc=
github.com/gethinode/hinode v0.26.5/go.mod h1:zpNIM+xzVvXtdAvJUzhwEefLiqhScWfcPtC8/7n8xYY=
github.com/gethinode/hinode v0.26.7 h1:KxsuJ7n6M8DYQNasw8KOAGWUb/OsxA6SMkKDDTcvorU=
github.com/gethinode/hinode v0.26.7/go.mod h1:YYtAJzvr7yTsc/7agiyDyMWm1QMHynqmR/+F5jfUrDQ=
github.com/gethinode/hinode v0.27.5 h1:5HFL1ll9mYOmfeQNrM06lzLlD4D1hwxe5GoU7IZxwo0=
github.com/gethinode/hinode v0.27.5/go.mod h1:fPC0mX3UnMr8WlI2EK01VP89FxBNXs5/3po2f4b5Z7U=
github.com/gethinode/mod-bootstrap v1.3.0 h1:UxNmXgXo7gA8C8z1ar47+tSccmKYpaYBBN+txB0pwBk=
github.com/gethinode/mod-bootstrap v1.3.0/go.mod h1:CL9IDot6nbXIWJYE/KxfsTdYYEJIGL17BXbAYPn+wVQ=
github.com/gethinode/mod-bootstrap v1.3.1 h1:ZUX72St0WZ5tyXpEPBJlayX/dmCH3cGErzsozkUKCok=
github.com/gethinode/mod-bootstrap v1.3.1/go.mod h1:CL9IDot6nbXIWJYE/KxfsTdYYEJIGL17BXbAYPn+wVQ=
github.com/gethinode/mod-csp v1.0.3 h1:tRmnuVZ3UpCc9HR8qsAwbU0OJ/UsNVSbse0SZuwGcCg=
github.com/gethinode/mod-csp v1.0.3/go.mod h1:Nb22QMicoUHgZQUKP5TCgVrSI8K3KU7jLuLBShmotjg=
github.com/gethinode/mod-flexsearch v1.12.0 h1:zg1IHvc8VO9WEtQuQnuG6HeWFNByvyqC9JYWDtpsP6s=
github.com/gethinode/mod-flexsearch v1.12.0/go.mod h1:L8hrnpupx27cez2ObMX8gWnhbW6qss4HGH1Ea4UaBRQ=
github.com/gethinode/mod-flexsearch v1.12.1 h1:clkGUWaNPe9Dt/66Apy7oH9NwVQfnD6OpGSLffeC9sY=
github.com/gethinode/mod-flexsearch v1.12.1/go.mod h1:L8hrnpupx27cez2ObMX8gWnhbW6qss4HGH1Ea4UaBRQ=
github.com/gethinode/mod-flexsearch/v2 v2.0.1 h1:5unGUSb1tX1LBtKygnLfdt7CnVJuFKSt6VXiKRxdojc=
github.com/gethinode/mod-flexsearch/v2 v2.0.1/go.mod h1:d7MMkVlz0l6cEk76e0mkveEsDxGfu5Sv+HUIhoGguhE=
github.com/gethinode/mod-flexsearch/v2 v2.0.2 h1:5FkLbjORwKvK544H/yaAltyIB7eptRPxxh5VcfDDeqM=
github.com/gethinode/mod-flexsearch/v2 v2.0.2/go.mod h1:d7MMkVlz0l6cEk76e0mkveEsDxGfu5Sv+HUIhoGguhE=
github.com/gethinode/mod-fontawesome v1.9.0 h1:xqUB8AnezMHAt8lye4ksqvmHSVPCOkiHsHGUbqNoeP0=
github.com/gethinode/mod-fontawesome v1.9.0/go.mod h1:xBKsZH3WJtMOItZVlp9SbO51uaBy6IbvUZSKpNu3b6Y=
github.com/gethinode/mod-fontawesome v1.9.1 h1:cQk84vriqffM4fuUUoM9j3SSD+3ppeW2j4ta7AiToMU=
github.com/gethinode/mod-fontawesome v1.9.1/go.mod h1:xBKsZH3WJtMOItZVlp9SbO51uaBy6IbvUZSKpNu3b6Y=
github.com/gethinode/mod-fontawesome v1.10.0 h1:Izs2AKc+YVBa1TywcH54OKLTNCUMXRoFIqOs+n0FgOo=
github.com/gethinode/mod-fontawesome v1.10.0/go.mod h1:xBKsZH3WJtMOItZVlp9SbO51uaBy6IbvUZSKpNu3b6Y=
github.com/gethinode/mod-google-analytics v1.1.3 h1:24qxV5vKIex3zSdow+5r0o8rox1lrO31oGi0/XusBy4=
github.com/gethinode/mod-google-analytics v1.1.3/go.mod h1:dl628cFozpCvoIMCiV7ujzQipjxcm3eatXrSfLPWNII=
github.com/gethinode/mod-katex v1.1.0 h1:PxST3HPUt6F2X/xKakTVeTkwWqCtEr53K1vYEOyQu3I=
github.com/gethinode/mod-katex v1.1.0/go.mod h1:byAfpI3wuqNJIooTGVEGc1cjBhhCy4+CcK1H6495MYg=
github.com/gethinode/mod-katex v1.1.1 h1:z8+mfVI6UTWcfpQMVPIzxQzt6Lp9BcmXxSOILQ84qFg=
github.com/gethinode/mod-katex v1.1.1/go.mod h1:byAfpI3wuqNJIooTGVEGc1cjBhhCy4+CcK1H6495MYg=
github.com/gethinode/mod-katex v1.1.2 h1:TbeVIWeG5TqldlVxpM1upOWj11RljXy4fhpOQIwOnS4=
github.com/gethinode/mod-katex v1.1.2/go.mod h1:byAfpI3wuqNJIooTGVEGc1cjBhhCy4+CcK1H6495MYg=
github.com/gethinode/mod-leaflet v1.1.0 h1:FXzPCic5XmUluxQ6e7LYUhhLnxuQOBwry8qjG9k30UY=
github.com/gethinode/mod-leaflet v1.1.0/go.mod h1:Ei0x9WiL7Dbi4JeG6yI1CE63bT1QJ8sKi67Jea1wFSE=
github.com/gethinode/mod-leaflet v1.1.1 h1:AIHR4k8SjmeoZxtjLgSS6/N3jKeZNZGdZTgu/7MwP4c=
github.com/gethinode/mod-leaflet v1.1.1/go.mod h1:Ei0x9WiL7Dbi4JeG6yI1CE63bT1QJ8sKi67Jea1wFSE=
github.com/gethinode/mod-leaflet v1.2.0 h1:5q5LHmGNi9N4cdRDCsl/6oI8vY3oQ2ogNUjP3NCnk4Y=
github.com/gethinode/mod-leaflet v1.2.0/go.mod h1:Ei0x9WiL7Dbi4JeG6yI1CE63bT1QJ8sKi67Jea1wFSE=
github.com/gethinode/mod-lottie v1.5.4 h1:+xbamSsjcnP2tyzGl0CA1enma7gkAp67wenmuP0XELY=
github.com/gethinode/mod-lottie v1.5.4/go.mod h1:gALqz48aYpoDLxJOI3LzIpdy0Eq/lOBNtlcOxABa9tg=
github.com/gethinode/mod-lottie v1.5.5 h1:uEJKsz+ovsZtbGkMhPONcIhtG6M3RjYiK+iVoScLOVo=
github.com/gethinode/mod-lottie v1.5.5/go.mod h1:VTvBxD8VokICwnEqM0VUZFZHBYxLf4/grDFQyEh1DL0=
github.com/gethinode/mod-lottie v1.5.6 h1:dxz5nmD0XXEt/DAOc1s5fIPynj5bhzDL32EEwLFCSmk=
github.com/gethinode/mod-lottie v1.5.6/go.mod h1:VTvBxD8VokICwnEqM0VUZFZHBYxLf4/grDFQyEh1DL0=
github.com/gethinode/mod-lottie v1.5.10 h1:tYFgk74T9zWy2FRkfkRI+8QVQy6lnuABnTeWQ8nUX5w=
github.com/gethinode/mod-lottie v1.5.10/go.mod h1:L7NpvCAm04R59GSAAm/UFoDCs/6UtrIC5zQEjgQSr4k=
github.com/gethinode/mod-lottie v1.5.11 h1:xhxBPDS0iyUY+C1ANaD5EeQV7fO1FG0wMoCjgrCMi/0=
github.com/gethinode/mod-lottie v1.5.11/go.mod h1:6FKqk8c+Jkbk2udCxUKVLF1K1wrGwthPsOvRzeoPXRQ=
github.com/gethinode/mod-simple-datatables v1.0.2 h1:zhqxHet3iLQWYCBbGROALpOY9zQlptMycFkz1Tto5bA=
github.com/gethinode/mod-simple-datatables v1.0.2/go.mod h1:mmrcvAJU2i3SMU56VmQ5PW43uDXBcsJKcZwCHrvl3Kc=
github.com/gethinode/mod-simple-datatables v1.0.3 h1:JL2nBlEHWMmkE7EZrpfpmzka47dklJUh23/xKJkOQoI=
github.com/gethinode/mod-simple-datatables v1.0.3/go.mod h1:mmrcvAJU2i3SMU56VmQ5PW43uDXBcsJKcZwCHrvl3Kc=
github.com/gethinode/mod-simple-datatables v1.0.5 h1:2Aa4k1Bd1WEYHbskFQj+1X35BB7abB8RXHE7Uk2N4pg=
github.com/gethinode/mod-simple-datatables v1.0.5/go.mod h1:mmrcvAJU2i3SMU56VmQ5PW43uDXBcsJKcZwCHrvl3Kc=
github.com/gethinode/mod-simple-datatables v1.0.6 h1:voKiwLAfC7kfD+atv7ah0sOf8OcPRyxEB/Q92gx1d00=
github.com/gethinode/mod-simple-datatables v1.0.6/go.mod h1:Y7AzIYAWpzDKLvH96eqBA/Gs3jompWCgxadLuoKZ/rc=
github.com/gethinode/mod-simple-datatables v1.0.7 h1:pfxWhgmn/njJcynNIDnUyeOBW0tsy2E4TP21sEYsqRs=
github.com/gethinode/mod-simple-datatables v1.0.7/go.mod h1:Y7AzIYAWpzDKLvH96eqBA/Gs3jompWCgxadLuoKZ/rc=
github.com/gethinode/mod-simple-datatables v1.0.13 h1:3GTn46Zh56SFzCUP7CUSrmp/ZoiaVG19q4xdObSx6Pc=
github.com/gethinode/mod-simple-datatables v1.0.13/go.mod h1:a2qIdYegX5gBubGbspuHv/2UA/8O89oUG/U5hd7jLK8=
github.com/gethinode/mod-simple-datatables v1.0.14 h1:332WtbaQtTm7VP0b7zYfpogTBcOEetkJrNd01K4d/JE=
github.com/gethinode/mod-simple-datatables v1.0.14/go.mod h1:mP3yjAdVE1G6JHfv8VVsRmvaPlPwddXknI675AuVs2I=
github.com/gethinode/mod-utils/v2 v2.3.7 h1:FFsUPO7NBp9Bhjovf0Ki5hnDGfeMKV/3RNz1Qpv7+oQ=
github.com/gethinode/mod-utils/v2 v2.3.7/go.mod h1:GTYeknoLujNjfDxI+V9Dcug26CYJSTJ0B/U2dagw9oY=
github.com/gethinode/mod-utils/v2 v2.3.8 h1:zAiDRCb3SsP9z6PUkCaiRLHOpqFhVf0xVhVOoTZNmAI=
github.com/gethinode/mod-utils/v2 v2.3.8/go.mod h1:GTYeknoLujNjfDxI+V9Dcug26CYJSTJ0B/U2dagw9oY=
github.com/gethinode/mod-utils/v2 v2.3.10 h1:+coUXdgAbLEE8Tvb3Rfk/1Nr6oDVreXI2sil0pa/n2Q=
github.com/gethinode/mod-utils/v2 v2.3.10/go.mod h1:GTYeknoLujNjfDxI+V9Dcug26CYJSTJ0B/U2dagw9oY=
github.com/gethinode/mod-utils/v2 v2.4.0 h1:mmG4hWaeA4krAg933pibH+TrjFmPHkAi/DUbe3SM38I=
github.com/gethinode/mod-utils/v2 v2.4.0/go.mod h1:GTYeknoLujNjfDxI+V9Dcug26CYJSTJ0B/U2dagw9oY=
github.com/gethinode/mod-utils/v2 v2.8.1 h1:u7sFbgJ5sBEMYC/GwcMRyjRAd5NxTjBnbld5b0V5n98=
github.com/gethinode/mod-utils/v2 v2.8.1/go.mod h1:GTYeknoLujNjfDxI+V9Dcug26CYJSTJ0B/U2dagw9oY=
github.com/gethinode/mod-utils/v2 v2.8.3 h1:t1MJcIdFhYi0gCkm8f0DYZwyfq7pRdRc0eNpqZa11ic=
github.com/gethinode/mod-utils/v2 v2.8.3/go.mod h1:GTYeknoLujNjfDxI+V9Dcug26CYJSTJ0B/U2dagw9oY=
github.com/nextapps-de/flexsearch v0.0.0-20240501124520-961c3ae84a87 h1:6PNbL0/LxO8Xl8MZSe5uvCidYNpFTz9nlWTqj2qdlzA=
github.com/nextapps-de/flexsearch v0.0.0-20240501124520-961c3ae84a87/go.mod h1:5GdMfPAXzbA2gXBqTjC6l27kioSYzHlqDMh0+wyx7sU=
github.com/privatemaker/headless-cms v0.1.0 h1:BnxRpI1AFpMLyzKajEv/PZtxHSv4YYxt1OpDp/30x0c=
github.com/privatemaker/headless-cms v0.1.0/go.mod h1:ZcHkPZzL9yCsBdmn9FpoIW35snTyj1bDOfqT0ZFJoZE=
github.com/twbs/bootstrap v5.3.3+incompatible h1:goFoqinzdHfkeegpFP7pvhbd0g+A3O2hbU3XCjuNrEQ=
github.com/twbs/bootstrap v5.3.3+incompatible/go.mod h1:fZTSrkpSf0/HkL0IIJzvVspTt1r9zuf7XlZau8kpcY0=
